
Microsoft Visual Studio Solution File, Format Version 12.00
# Visual Studio Version 16
VisualStudioVersion = 16.0.29709.97
MinimumVisualStudioVersion = 10.0.40219.1
Project("{FAE04EC0-301F-11D3-BF4B-00C04F79EFBC}") = "KompasGorka.GUI", "KompasGorka\KompasGorka.GUI.csproj", "{3BCC6297-C0E2-4847-83BD-27D3BC0775C8}"
EndProject
Project("{FAE04EC0-301F-11D3-BF4B-00C04F79EFBC}") = "KompasGorka.Model", "KompasGorka.Model\KompasGorka.Model.csproj", "{E6BB4E46-6988-4AEB-ACF8-9CE2D727172C}"
EndProject
Project("{FAE04EC0-301F-11D3-BF4B-00C04F79EFBC}") = "KompasGorka.UnitTests", "KompasGorka.UnitTest\KompasGorka.UnitTests.csproj", "{B2924C79-C811-4F31-989E-85246196FFF4}"
EndProject
Project("{FAE04EC0-301F-11D3-BF4B-00C04F79EFBC}") = "KompasGorka.API", "KompasGorka.API\KompasGorka.API.csproj", "{4DD57349-342D-47EB-B82D-B55FFD059263}"
EndProject
Global
	GlobalSection(SolutionConfigurationPlatforms) = preSolution
		Debug|Any CPU = Debug|Any CPU
		Release|Any CPU = Release|Any CPU
	EndGlobalSection
	GlobalSection(ProjectConfigurationPlatforms) = postSolution
		{3BCC6297-C0E2-4847-83BD-27D3BC0775C8}.Debug|Any CPU.ActiveCfg = Debug|Any CPU
		{3BCC6297-C0E2-4847-83BD-27D3BC0775C8}.Debug|Any CPU.Build.0 = Debug|Any CPU
		{3BCC6297-C0E2-4847-83BD-27D3BC0775C8}.Release|Any CPU.ActiveCfg = Release|Any CPU
		{3BCC6297-C0E2-4847-83BD-27D3BC0775C8}.Release|Any CPU.Build.0 = Release|Any CPU
		{E6BB4E46-6988-4AEB-ACF8-9CE2D727172C}.Debug|Any CPU.ActiveCfg = Debug|Any CPU
		{E6BB4E46-6988-4AEB-ACF8-9CE2D727172C}.Debug|Any CPU.Build.0 = Debug|Any CPU
		{E6BB4E46-6988-4AEB-ACF8-9CE2D727172C}.Release|Any CPU.ActiveCfg = Release|Any CPU
		{E6BB4E46-6988-4AEB-ACF8-9CE2D727172C}.Release|Any CPU.Build.0 = Release|Any CPU
		{B2924C79-C811-4F31-989E-85246196FFF4}.Debug|Any CPU.ActiveCfg = Debug|Any CPU
		{B2924C79-C811-4F31-989E-85246196FFF4}.Debug|Any CPU.Build.0 = Debug|Any CPU
		{B2924C79-C811-4F31-989E-85246196FFF4}.Release|Any CPU.ActiveCfg = Release|Any CPU
		{B2924C79-C811-4F31-989E-85246196FFF4}.Release|Any CPU.Build.0 = Release|Any CPU
		{4DD57349-342D-47EB-B82D-B55FFD059263}.Debug|Any CPU.ActiveCfg = Debug|Any CPU
		{4DD57349-342D-47EB-B82D-B55FFD059263}.Debug|Any CPU.Build.0 = Debug|Any CPU
		{4DD57349-342D-47EB-B82D-B55FFD059263}.Release|Any CPU.ActiveCfg = Release|Any CPU
		{4DD57349-342D-47EB-B82D-B55FFD059263}.Release|Any CPU.Build.0 = Release|Any CPU
	EndGlobalSection
	GlobalSection(SolutionProperties) = preSolution
		HideSolutionNode = FALSE
	EndGlobalSection
	GlobalSection(ExtensibilityGlobals) = postSolution
		SolutionGuid = {50BE19C9-A3B2-4907-ACE3-C2B02AE820B4}
	EndGlobalSection
EndGlobal
